<Solution>
  <Folder Name="/.github/" />
  <Folder Name="/.github/workflows/">
    <File Path="dotnet.yml" />
  </Folder>
  <Folder Name="/Items_da_Soluçao/">
    <File Path="docs/testes-sucesso.png" />
    <File Path="README.md" />
  </Folder>
  <Project Path="SistemaDeMatricula.Testes/SistemaDeMatricula.Testes.csproj" Id="b855c5e9-43ae-4c33-a127-9209f4d2962d" />
  <Project Path="SistemaDeMatricula/SistemaDeMatricula.csproj" />
</Solution>
